
Microsoft Visual Studio Solution File, Format Version 12.00
# Visual Studio Version 16
VisualStudioVersion = 16.0.30011.22
MinimumVisualStudioVersion = 10.0.40219.1
Project("{FAE04EC0-301F-11D3-BF4B-00C04F79EFBC}") = "PacketSniffer", "PacketSniffer\PacketSniffer.csproj", "{A59CD52E-9928-47EF-82FD-1114C95A3890}"
EndProject
Global
	GlobalSection(SolutionConfigurationPlatforms) = preSolution
		Debug|Any CPU = Debug|Any CPU
		Release|Any CPU = Release|Any CPU
	EndGlobalSection
	GlobalSection(ProjectConfigurationPlatforms) = postSolution
		{A59CD52E-9928-47EF-82FD-1114C95A3890}.Debug|Any CPU.ActiveCfg = Debug|Any CPU
		{A59CD52E-9928-47EF-82FD-1114C95A3890}.Debug|Any CPU.Build.0 = Debug|Any CPU
		{A59CD52E-9928-47EF-82FD-1114C95A3890}.Release|Any CPU.ActiveCfg = Release|Any CPU
		{A59CD52E-9928-47EF-82FD-1114C95A3890}.Release|Any CPU.Build.0 = Release|Any CPU
	EndGlobalSection
	GlobalSection(SolutionProperties) = preSolution
		HideSolutionNode = FALSE
	EndGlobalSection
	GlobalSection(ExtensibilityGlobals) = postSolution
		SolutionGuid = {8A7114FB-7C40-4DE5-B64C-26099B62CE08}
	EndGlobalSection
EndGlobal
